github.com/tinywasm/context v0.0.18 h1:uKeiAFo6L/PikGSbUu+xcyELGoa4kXomDNwJOlhxrUE=
github.com/tinywasm/context v0.0.18/go.mod h1:3AHZHMiiVZljEGNuYMaLM2OXdZ3bXjoMCmqx3sEGXsA=
github.com/tinywasm/fetch v0.1.24 h1:UynB2NPPgYrwcRx6ZujkRUTlfUUkNs60J0O63/1FmAs=
github.com/tinywasm/fetch v0.1.24/go.mod h1:Hx9bkdjC5fcf++EWjHKUzEn2OZpUbfoXNQV8tbdC5SI=
github.com/tinywasm/fmt v0.24.5 h1:0DYv9h8cW+8FyVNvwAt1Q6DIdEH648VAV4a9UbyGxUI=
github.com/tinywasm/fmt v0.24.5/go.mod h1:L2GCAi6asgytPV6TVvGrRq5Ml+DkUt1Ijo5i/2J1jOY=
github.com/tinywasm/tinygo v0.0.11 h1:mdSPat9PcIcT1ZW6y+7DJmAbne2vLHVpTHqTCRL/L/A=
github.com/tinywasm/tinygo v0.0.11/go.mod h1:AFP4RTqJN9HKR/AWwXSibOF0HwlHIIpBNP0KWO2nvCU=
